
Microsoft Visual Studio Solution File, Format Version 12.00
# Visual Studio Version 16
VisualStudioVersion = 16.0.31729.503
MinimumVisualStudioVersion = 10.0.40219.1
Project("{9A19103F-16F7-4668-BE54-9A1E7A4F7556}") = "WebApiPersonas", "WebApiPersonas\WebApiPersonas.csproj", "{88E7841A-CE28-4C99-ADD8-2421F740654E}"
EndProject
Project("{9A19103F-16F7-4668-BE54-9A1E7A4F7556}") = "SWMedicos", "SWMedicos\SWMedicos.csproj", "{9A385753-31CC-4109-A004-038F58728F95}"
EndProject
Project("{FAE04EC0-301F-11D3-BF4B-00C04F79EFBC}") = "WebApiEscuela", "WebApiEscuela\WebApiEscuela.csproj", "{1CCC0F49-F0AB-47A0-9334-32A107496AE8}"
EndProject
Global
	GlobalSection(SolutionConfigurationPlatforms) = preSolution
		Debug|Any CPU = Debug|Any CPU
		Release|Any CPU = Release|Any CPU
	EndGlobalSection
	GlobalSection(ProjectConfigurationPlatforms) = postSolution
		{88E7841A-CE28-4C99-ADD8-2421F740654E}.Debug|Any CPU.ActiveCfg = Debug|Any CPU
		{88E7841A-CE28-4C99-ADD8-2421F740654E}.Debug|Any CPU.Build.0 = Debug|Any CPU
		{88E7841A-CE28-4C99-ADD8-2421F740654E}.Release|Any CPU.ActiveCfg = Release|Any CPU
		{88E7841A-CE28-4C99-ADD8-2421F740654E}.Release|Any CPU.Build.0 = Release|Any CPU
		{9A385753-31CC-4109-A004-038F58728F95}.Debug|Any CPU.ActiveCfg = Debug|Any CPU
		{9A385753-31CC-4109-A004-038F58728F95}.Debug|Any CPU.Build.0 = Debug|Any CPU
		{9A385753-31CC-4109-A004-038F58728F95}.Release|Any CPU.ActiveCfg = Release|Any CPU
		{9A385753-31CC-4109-A004-038F58728F95}.Release|Any CPU.Build.0 = Release|Any CPU
		{1CCC0F49-F0AB-47A0-9334-32A107496AE8}.Debug|Any CPU.ActiveCfg = Debug|Any CPU
		{1CCC0F49-F0AB-47A0-9334-32A107496AE8}.Debug|Any CPU.Build.0 = Debug|Any CPU
		{1CCC0F49-F0AB-47A0-9334-32A107496AE8}.Release|Any CPU.ActiveCfg = Release|Any CPU
		{1CCC0F49-F0AB-47A0-9334-32A107496AE8}.Release|Any CPU.Build.0 = Release|Any CPU
	EndGlobalSection
	GlobalSection(SolutionProperties) = preSolution
		HideSolutionNode = FALSE
	EndGlobalSection
	GlobalSection(ExtensibilityGlobals) = postSolution
		SolutionGuid = {2EE8ED15-688D-4CEB-BAB0-58679003F9D2}
	EndGlobalSection
EndGlobal
